
Microsoft Visual Studio Solution File, Format Version 12.00
# Visual Studio 15
VisualStudioVersion = 15.0.28010.2050
MinimumVisualStudioVersion = 10.0.40219.1
Project("{FAE04EC0-301F-11D3-BF4B-00C04F79EFBC}") = "FlappyHelicopter.Android", "FlappyHelicopter\FlappyHelicopter.Android\FlappyHelicopter.Android.csproj", "{7F587190-AC0C-4DA7-8800-2BE3C4E544AE}"
EndProject
Project("{FAE04EC0-301F-11D3-BF4B-00C04F79EFBC}") = "FlappyHelicopter", "FlappyHelicopter\FlappyHelicopter\FlappyHelicopter.csproj", "{45F4F06D-8CB4-4C4F-BBD2-F8F961883535}"
EndProject
Global
	GlobalSection(SolutionConfigurationPlatforms) = preSolution
		Debug|Any CPU = Debug|Any CPU
		Release|Any CPU = Release|Any CPU
	EndGlobalSection
	GlobalSection(ProjectConfigurationPlatforms) = postSolution
		{7F587190-AC0C-4DA7-8800-2BE3C4E544AE}.Debug|Any CPU.ActiveCfg = Debug|Any CPU
		{7F587190-AC0C-4DA7-8800-2BE3C4E544AE}.Debug|Any CPU.Build.0 = Debug|Any CPU
		{7F587190-AC0C-4DA7-8800-2BE3C4E544AE}.Debug|Any CPU.Deploy.0 = Debug|Any CPU
		{7F587190-AC0C-4DA7-8800-2BE3C4E544AE}.Release|Any CPU.ActiveCfg = Release|Any CPU
		{7F587190-AC0C-4DA7-8800-2BE3C4E544AE}.Release|Any CPU.Build.0 = Release|Any CPU
		{7F587190-AC0C-4DA7-8800-2BE3C4E544AE}.Release|Any CPU.Deploy.0 = Release|Any CPU
		{45F4F06D-8CB4-4C4F-BBD2-F8F961883535}.Debug|Any CPU.ActiveCfg = Debug|Any CPU
		{45F4F06D-8CB4-4C4F-BBD2-F8F961883535}.Debug|Any CPU.Build.0 = Debug|Any CPU
		{45F4F06D-8CB4-4C4F-BBD2-F8F961883535}.Debug|Any CPU.Deploy.0 = Debug|Any CPU
		{45F4F06D-8CB4-4C4F-BBD2-F8F961883535}.Release|Any CPU.ActiveCfg = Release|Any CPU
		{45F4F06D-8CB4-4C4F-BBD2-F8F961883535}.Release|Any CPU.Build.0 = Release|Any CPU
		{45F4F06D-8CB4-4C4F-BBD2-F8F961883535}.Release|Any CPU.Deploy.0 = Release|Any CPU
	EndGlobalSection
	GlobalSection(SolutionProperties) = preSolution
		HideSolutionNode = FALSE
	EndGlobalSection
	GlobalSection(ExtensibilityGlobals) = postSolution
		SolutionGuid = {C41CCE34-86D5-444A-8D2D-9197FE606661}
	EndGlobalSection
EndGlobal
